
Microsoft Visual Studio Solution File, Format Version 12.00
# Visual Studio Version 16
VisualStudioVersion = 16.0.30804.86
MinimumVisualStudioVersion = 10.0.40219.1
Project("{FAE04EC0-301F-11D3-BF4B-00C04F79EFBC}") = "Spravo4nik", "WindowsFormsApp1\Spravo4nik.csproj", "{B6730850-6408-4DAB-8932-717D47DC1F1F}"
EndProject
Global
	GlobalSection(SolutionConfigurationPlatforms) = preSolution
		Debug|Any CPU = Debug|Any CPU
		Release|Any CPU = Release|Any CPU
	EndGlobalSection
	GlobalSection(ProjectConfigurationPlatforms) = postSolution
		{B6730850-6408-4DAB-8932-717D47DC1F1F}.Debug|Any CPU.ActiveCfg = Debug|Any CPU
		{B6730850-6408-4DAB-8932-717D47DC1F1F}.Debug|Any CPU.Build.0 = Debug|Any CPU
		{B6730850-6408-4DAB-8932-717D47DC1F1F}.Release|Any CPU.ActiveCfg = Release|Any CPU
		{B6730850-6408-4DAB-8932-717D47DC1F1F}.Release|Any CPU.Build.0 = Release|Any CPU
	EndGlobalSection
	GlobalSection(SolutionProperties) = preSolution
		HideSolutionNode = FALSE
	EndGlobalSection
	GlobalSection(ExtensibilityGlobals) = postSolution
		SolutionGuid = {9F2B7214-288D-4CFD-BA63-AADD6C79AB87}
	EndGlobalSection
EndGlobal
